// !$*UTF8*$!
{
	archiveVersion = 1;
	classes = {
	};
	objectVersion = 55;
	objects = {

/* Begin PBXBuildFile section */
		F83A865B2958733D00E6F830 /* AppDelegate.swift in Sources */ = {isa = PBXBuildFile; fileRef = F83A865A2958733D00E6F830 /* AppDelegate.swift */; };
		F83A865D2958733D00E6F830 /* SceneDelegate.swift in Sources */ = {isa = PBXBuildFile; fileRef = F83A865C2958733D00E6F830 /* SceneDelegate.swift */; };
		F83A865F2958733D00E6F830 /* ViewController.swift in Sources */ = {isa = PBXBuildFile; fileRef = F83A865E2958733D00E6F830 /* ViewController.swift */; };
		F83A86622958733D00E6F830 /* Main.storyboard in Resources */ = {isa = PBXBuildFile; fileRef = F83A86602958733D00E6F830 /* Main.storyboard */; };
		F83A86652958733D00E6F830 /* myGifView.xcdatamodeld in Sources */ = {isa = PBXBuildFile; fileRef = F83A86632958733D00E6F830 /* myGifView.xcdatamodeld */; };
		F83A86672958733E00E6F830 /* Assets.xcassets in Resources */ = {isa = PBXBuildFile; fileRef = F83A86662958733E00E6F830 /* Assets.xcassets */; };
		F83A866A2958733E00E6F830 /* LaunchScreen.storyboard in Resources */ = {isa = PBXBuildFile; fileRef = F83A86682958733E00E6F830 /* LaunchScreen.storyboard */; };
		F83A867629587D4700E6F830 /* 5.gif in Resources */ = {isa = PBXBuildFile; fileRef = F83A867129587D4700E6F830 /* 5.gif */; };
		F83A867729587D4700E6F830 /* 1.gif in Resources */ = {isa = PBXBuildFile; fileRef = F83A867229587D4700E6F830 /* 1.gif */; };
		F83A867829587D4700E6F830 /* 3.gif in Resources */ = {isa = PBXBuildFile; fileRef = F83A867329587D4700E6F830 /* 3.gif */; };
		F83A867929587D4700E6F830 /* 2.gif in Resources */ = {isa = PBXBuildFile; fileRef = F83A867429587D4700E6F830 /* 2.gif */; };
		F83A867A29587D4700E6F830 /* 4.gif in Resources */ = {isa = PBXBuildFile; fileRef = F83A867529587D4700E6F830 /* 4.gif */; };
		F83A867E29587DB200E6F830 /* UIImage+Gif.swift in Sources */ = {isa = PBXBuildFile; fileRef = F83A867D29587DB200E6F830 /* UIImage+Gif.swift */; };
/* End PBXBuildFile section */

/* Begin PBXFileReference section */
		F83A86572958733D00E6F830 /* myGifView.app */ = {isa = PBXFileReference; explicitFileType = wrapper.application; includeInIndex = 0; path = myGifView.app; sourceTree = BUILT_PRODUCTS_DIR; };
		F83A865A2958733D00E6F830 /* AppDelegate.swift */ = {isa = PBXFileReference; lastKnownFileType = sourcecode.swift; path = AppDelegate.swift; sourceTree = "<group>"; };
		F83A865C2958733D00E6F830 /* SceneDelegate.swift */ = {isa = PBXFileReference; lastKnownFileType = sourcecode.swift; path = SceneDelegate.swift; sourceTree = "<group>"; };
		F83A865E2958733D00E6F830 /* ViewController.swift */ = {isa = PBXFileReference; lastKnownFileType = sourcecode.swift; path = ViewController.swift; sourceTree = "<group>"; };
		F83A86612958733D00E6F830 /* Base */ = {isa = PBXFileReference; lastKnownFileType = file.storyboard; name = Base; path = Base.lproj/Main.storyboard; sourceTree = "<group>"; };
		F83A86642958733D00E6F830 /* myGifView.xcdatamodel */ = {isa = PBXFileReference; lastKnownFileType = wrapper.xcdatamodel; path = myGifView.xcdatamodel; sourceTree = "<group>"; };
		F83A86662958733E00E6F830 /* Assets.xcassets */ = {isa = PBXFileReference; lastKnownFileType = folder.assetcatalog; path = Assets.xcassets; sourceTree = "<group>"; };
		F83A86692958733E00E6F830 /* Base */ = {isa = PBXFileReference; lastKnownFileType = file.storyboard; name = Base; path = Base.lproj/LaunchScreen.storyboard; sourceTree = "<group>"; };
		F83A866B2958733E00E6F830 /* Info.plist */ = {isa = PBXFileReference; lastKnownFileType = text.plist.xml; path = Info.plist; sourceTree = "<group>"; };
		F83A867129587D4700E6F830 /* 5.gif */ = {isa = PBXFileReference; lastKnownFileType = image.gif; name = 5.gif; path = gif/5.gif; sourceTree = SOURCE_ROOT; };
		F83A867229587D4700E6F830 /* 1.gif */ = {isa = PBXFileReference; lastKnownFileType = image.gif; name = 1.gif; path = gif/1.gif; sourceTree = SOURCE_ROOT; };
		F83A867329587D4700E6F830 /* 3.gif */ = {isa = PBXFileReference; lastKnownFileType = image.gif; name = 3.gif; path = gif/3.gif; sourceTree = SOURCE_ROOT; };
		F83A867429587D4700E6F830 /* 2.gif */ = {isa = PBXFileReference; lastKnownFileType = image.gif; name = 2.gif; path = gif/2.gif; sourceTree = SOURCE_ROOT; };
		F83A867529587D4700E6F830 /* 4.gif */ = {isa = PBXFileReference; lastKnownFileType = image.gif; name = 4.gif; path = gif/4.gif; sourceTree = SOURCE_ROOT; };
		F83A867D29587DB200E6F830 /* UIImage+Gif.swift */ = {isa = PBXFileReference; lastKnownFileType = sourcecode.swift; path = "UIImage+Gif.swift"; sourceTree = "<group>"; };
/* End PBXFileReference section */

/* Begin PBXFrameworksBuildPhase section */
		F83A86542958733D00E6F830 /* Frameworks */ = {
			isa = PBXFrameworksBuildPhase;
			buildActionMask = 2147483647;
			files = (
			);
			runOnlyForDeploymentPostprocessing = 0;
		};
/* End PBXFrameworksBuildPhase section */

/* Begin PBXGroup section */
		F83A864E2958733D00E6F830 = {
			isa = PBXGroup;
			children = (
				F83A86592958733D00E6F830 /* myGifView */,
				F83A86582958733D00E6F830 /* Products */,
			);
			sourceTree = "<group>";
		};
		F83A86582958733D00E6F830 /* Products */ = {
			isa = PBXGroup;
			children = (
				F83A86572958733D00E6F830 /* myGifView.app */,
			);
			name = Products;
			sourceTree = "<group>";
		};
		F83A86592958733D00E6F830 /* myGifView */ = {
			isa = PBXGroup;
			children = (
				F83A865A2958733D00E6F830 /* AppDelegate.swift */,
				F83A865C2958733D00E6F830 /* SceneDelegate.swift */,
				F83A865E2958733D00E6F830 /* ViewController.swift */,
				F83A86602958733D00E6F830 /* Main.storyboard */,
				F83A867D29587DB200E6F830 /* UIImage+Gif.swift */,
				F83A86662958733E00E6F830 /* Assets.xcassets */,
				F83A86682958733E00E6F830 /* LaunchScreen.storyboard */,
				F83A866B2958733E00E6F830 /* Info.plist */,
				F83A86632958733D00E6F830 /* myGifView.xcdatamodeld */,
				F83A867229587D4700E6F830 /* 1.gif */,
				F83A867429587D4700E6F830 /* 2.gif */,
				F83A867329587D4700E6F830 /* 3.gif */,
				F83A867529587D4700E6F830 /* 4.gif */,
				F83A867129587D4700E6F830 /* 5.gif */,
			);
			path = myGifView;
			sourceTree = "<group>";
		};
/* End PBXGroup section */

/* Begin PBXNativeTarget section */
		F83A86562958733D00E6F830 /* myGifView */ = {
			isa = PBXNativeTarget;
			buildConfigurationList = F83A866E2958733E00E6F830 /* Build configuration list for PBXNativeTarget "myGifView" */;
			buildPhases = (
				F83A86532958733D00E6F830 /* Sources */,
				F83A86542958733D00E6F830 /* Frameworks */,
				F83A86552958733D00E6F830 /* Resources */,
			);
			buildRules = (
			);
			dependencies = (
			);
			name = myGifView;
			productName = myGifView;
			productReference = F83A86572958733D00E6F830 /* myGifView.app */;
			productType = "com.apple.product-type.application";
		};
/* End PBXNativeTarget section */

/* Begin PBXProject section */
		F83A864F2958733D00E6F830 /* Project object */ = {
			isa = PBXProject;
			attributes = {
				BuildIndependentTargetsInParallel = 1;
				LastSwiftUpdateCheck = 1340;
				LastUpgradeCheck = 1340;
				TargetAttributes = {
					F83A86562958733D00E6F830 = {
						CreatedOnToolsVersion = 13.4.1;
					};
				};
			};
			buildConfigurationList = F83A86522958733D00E6F830 /* Build configuration list for PBXProject "myGifView" */;
			compatibilityVersion = "Xcode 13.0";
			developmentRegion = en;
			hasScannedForEncodings = 0;
			knownRegions = (
				en,
				Base,
			);
			mainGroup = F83A864E2958733D00E6F830;
			productRefGroup = F83A86582958733D00E6F830 /* Products */;
			projectDirPath = "";
			projectRoot = "";
			targets = (
				F83A86562958733D00E6F830 /* myGifView */,
			);
		};
/* End PBXProject section */

/* Begin PBXResourcesBuildPhase section */
		F83A86552958733D00E6F830 /* Resources */ = {
			isa = PBXResourcesBuildPhase;
			buildActionMask = 2147483647;
			files = (
				F83A867929587D4700E6F830 /* 2.gif in Resources */,
				F83A867829587D4700E6F830 /* 3.gif in Resources */,
				F83A866A2958733E00E6F830 /* LaunchScreen.storyboard in Resources */,
				F83A86672958733E00E6F830 /* Assets.xcassets in Resources */,
				F83A867629587D4700E6F830 /* 5.gif in Resources */,
				F83A867A29587D4700E6F830 /* 4.gif in Resources */,
				F83A867729587D4700E6F830 /* 1.gif in Resources */,
				F83A86622958733D00E6F830 /* Main.storyboard in Resources */,
			);
			runOnlyForDeploymentPostprocessing = 0;
		};
/* End PBXResourcesBuildPhase section */

/* Begin PBXSourcesBuildPhase section */
		F83A86532958733D00E6F830 /* Sources */ = {
			isa = PBXSourcesBuildPhase;
			buildActionMask = 2147483647;
			files = (
				F83A865F2958733D00E6F830 /* ViewController.swift in Sources */,
				F83A86652958733D00E6F830 /* myGifView.xcdatamodeld in Sources */,
				F83A865B2958733D00E6F830 /* AppDelegate.swift in Sources */,
				F83A865D2958733D00E6F830 /* SceneDelegate.swift in Sources */,
				F83A867E29587DB200E6F830 /* UIImage+Gif.swift in Sources */,
			);
			runOnlyForDeploymentPostprocessing = 0;
		};
/* End PBXSourcesBuildPhase section */

/* Begin PBXVariantGroup section */
		F83A86602958733D00E6F830 /* Main.storyboard */ = {
			isa = PBXVariantGroup;
			children = (
				F83A86612958733D00E6F830 /* Base */,
			);
			name = Main.storyboard;
			sourceTree = "<group>";
		};
		F83A86682958733E00E6F830 /* LaunchScreen.storyboard */ = {
			isa = PBXVariantGroup;
			children = (
				F83A86692958733E00E6F830 /* Base */,
			);
			name = LaunchScreen.storyboard;
			sourceTree = "<group>";
		};
/* End PBXVariantGroup section */

/* Begin XCBuildConfiguration section */
		F83A866C2958733E00E6F830 /* Debug */ = {
			isa = XCBuildConfiguration;
			buildSettings = {
				ALWAYS_SEARCH_USER_PATHS = NO;
				CLANG_ANALYZER_NONNULL = YES;
				CLANG_ANALYZER_NUMBER_OBJECT_CONVERSION = YES_AGGRESSIVE;
				CLANG_CXX_LANGUAGE_STANDARD = "gnu++17";
				CLANG_ENABLE_MODULES = YES;
				CLANG_ENABLE_OBJC_ARC = YES;
				CLANG_ENABLE_OBJC_WEAK = YES;
				CLANG_WARN_BLOCK_CAPTURE_AUTORELEASING = YES;
				CLANG_WARN_BOOL_CONVERSION = YES;
				CLANG_WARN_COMMA = YES;
				CLANG_WARN_CONSTANT_CONVERSION = YES;
				CLANG_WARN_DEPRECATED_OBJC_IMPLEMENTATIONS = YES;
				CLANG_WARN_DIRECT_OBJC_ISA_USAGE = YES_ERROR;
				CLANG_WARN_DOCUMENTATION_COMMENTS = YES;
				CLANG_WARN_EMPTY_BODY = YES;
				CLANG_WARN_ENUM_CONVERSION = YES;
				CLANG_WARN_INFINITE_RECURSION = YES;
				CLANG_WARN_INT_CONVERSION = YES;
				CLANG_WARN_NON_LITERAL_NULL_CONVERSION = YES;
				CLANG_WARN_OBJC_IMPLICIT_RETAIN_SELF = YES;
				CLANG_WARN_OBJC_LITERAL_CONVERSION = YES;
				CLANG_WARN_OBJC_ROOT_CLASS = YES_ERROR;
				CLANG_WARN_QUOTED_INCLUDE_IN_FRAMEWORK_HEADER = YES;
				CLANG_WARN_RANGE_LOOP_ANALYSIS = YES;
				CLANG_WARN_STRICT_PROTOTYPES = YES;
				CLANG_WARN_SUSPICIOUS_MOVE = YES;
				CLANG_WARN_UNGUARDED_AVAILABILITY = YES_AGGRESSIVE;
				CLANG_WARN_UNREACHABLE_CODE = YES;
				CLANG_WARN__DUPLICATE_METHOD_MATCH = YES;
				COPY_PHASE_STRIP = NO;
				DEBUG_INFORMATION_FORMAT = dwarf;
				ENABLE_STRICT_OBJC_MSGSEND = YES;
				ENABLE_TESTABILITY = YES;
				GCC_C_LANGUAGE_STANDARD = gnu11;
				GCC_DYNAMIC_NO_PIC = NO;
				GCC_NO_COMMON_BLOCKS = YES;
				GCC_OPTIMIZATION_LEVEL = 0;
				GCC_PREPROCESSOR_DEFINITIONS = (
					"DEBUG=1",
					"$(inherited)",
				);
				GCC_WARN_64_TO_32_BIT_CONVERSION = YES;
				GCC_WARN_ABOUT_RETURN_TYPE = YES_ERROR;
				GCC_WARN_UNDECLARED_SELECTOR = YES;
				GCC_WARN_UNINITIALIZED_AUTOS = YES_AGGRESSIVE;
				GCC_WARN_UNUSED_FUNCTION = YES;
				GCC_WARN_UNUSED_VARIABLE = YES;
				IPHONEOS_DEPLOYMENT_TARGET = 15.5;
				MTL_ENABLE_DEBUG_INFO = INCLUDE_SOURCE;
				MTL_FAST_MATH = YES;
				ONLY_ACTIVE_ARCH = YES;
				SDKROOT = iphoneos;
				SWIFT_ACTIVE_COMPILATION_CONDITIONS = DEBUG;
				SWIFT_OPTIMIZATION_LEVEL = "-Onone";
			};
			name = Debug;
		};
		F83A866D2958733E00E6F830 /* Release */ = {
			isa = XCBuildConfiguration;
			buildSettings = {
				ALWAYS_SEARCH_USER_PATHS = NO;
				CLANG_ANALYZER_NONNULL = YES;
				CLANG_ANALYZER_NUMBER_OBJECT_CONVERSION = YES_AGGRESSIVE;
				CLANG_CXX_LANGUAGE_STANDARD = "gnu++17";
				CLANG_ENABLE_MODULES = YES;
				CLANG_ENABLE_OBJC_ARC = YES;
				CLANG_ENABLE_OBJC_WEAK = YES;
				CLANG_WARN_BLOCK_CAPTURE_AUTORELEASING = YES;
				CLANG_WARN_BOOL_CONVERSION = YES;
				CLANG_WARN_COMMA = YES;
				CLANG_WARN_CONSTANT_CONVERSION = YES;
				CLANG_WARN_DEPRECATED_OBJC_IMPLEMENTATIONS = YES;
				CLANG_WARN_DIRECT_OBJC_ISA_USAGE = YES_ERROR;
				CLANG_WARN_DOCUMENTATION_COMMENTS = YES;
				CLANG_WARN_EMPTY_BODY = YES;
				CLANG_WARN_ENUM_CONVERSION = YES;
				CLANG_WARN_INFINITE_RECURSION = YES;
				CLANG_WARN_INT_CONVERSION = YES;
				CLANG_WARN_NON_LITERAL_NULL_CONVERSION = YES;
				CLANG_WARN_OBJC_IMPLICIT_RETAIN_SELF = YES;
				CLANG_WARN_OBJC_LITERAL_CONVERSION = YES;
				CLANG_WARN_OBJC_ROOT_CLASS = YES_ERROR;
				CLANG_WARN_QUOTED_INCLUDE_IN_FRAMEWORK_HEADER = YES;
				CLANG_WARN_RANGE_LOOP_ANALYSIS = YES;
				CLANG_WARN_STRICT_PROTOTYPES = YES;
				CLANG_WARN_SUSPICIOUS_MOVE = YES;
				CLANG_WARN_UNGUARDED_AVAILABILITY = YES_AGGRESSIVE;
				CLANG_WARN_UNREACHABLE_CODE = YES;
				CLANG_WARN__DUPLICATE_METHOD_MATCH = YES;
				COPY_PHASE_STRIP = NO;
				DEBUG_INFORMATION_FORMAT = "dwarf-with-dsym";
				ENABLE_NS_ASSERTIONS = NO;
				ENABLE_STRICT_OBJC_MSGSEND = YES;
				GCC_C_LANGUAGE_STANDARD = gnu11;
				GCC_NO_COMMON_BLOCKS = YES;
				GCC_WARN_64_TO_32_BIT_CONVERSION = YES;
				GCC_WARN_ABOUT_RETURN_TYPE = YES_ERROR;
				GCC_WARN_UNDECLARED_SELECTOR = YES;
				GCC_WARN_UNINITIALIZED_AUTOS = YES_AGGRESSIVE;
				GCC_WARN_UNUSED_FUNCTION = YES;
				GCC_WARN_UNUSED_VARIABLE = YES;
				IPHONEOS_DEPLOYMENT_TARGET = 15.5;
				MTL_ENABLE_DEBUG_INFO = NO;
				MTL_FAST_MATH = YES;
				SDKROOT = iphoneos;
				SWIFT_COMPILATION_MODE = wholemodule;
				SWIFT_OPTIMIZATION_LEVEL = "-O";
				VALIDATE_PRODUCT = YES;
			};
			name = Release;
		};
		F83A866F2958733E00E6F830 /* Debug */ = {
			isa = XCBuildConfiguration;
			buildSettings = {
				ASSETCATALOG_COMPILER_APPICON_NAME = AppIcon;
				ASSETCATALOG_COMPILER_GLOBAL_ACCENT_COLOR_NAME = AccentColor;
				CODE_SIGN_STYLE = Automatic;
				CURRENT_PROJECT_VERSION = 1;
				DEVELOPMENT_TEAM = VLTRC7L6R5;
				GENERATE_INFOPLIST_FILE = YES;
				INFOPLIST_FILE = myGifView/Info.plist;
				INFOPLIST_KEY_UIApplicationSupportsIndirectInputEvents = YES;
				INFOPLIST_KEY_UILaunchStoryboardName = LaunchScreen;
				INFOPLIST_KEY_UIMainStoryboardFile = Main;
				INFOPLIST_KEY_UISupportedInterfaceOrientations_iPad = "UIInterfaceOrientationPortrait UIInterfaceOrientationPortraitUpsideDown UIInterfaceOrientationLandscapeLeft UIInterfaceOrientationLandscapeRight";
				INFOPLIST_KEY_UISupportedInterfaceOrientations_iPhone = "UIInterfaceOrientationPortrait UIInterfaceOrientationLandscapeLeft UIInterfaceOrientationLandscapeRight";
				LD_RUNPATH_SEARCH_PATHS = (
					"$(inherited)",
					"@executable_path/Frameworks",
				);
				MARKETING_VERSION = 1.0;
				PRODUCT_BUNDLE_IDENTIFIER = yun.myGifView;
				PRODUCT_NAME = "$(TARGET_NAME)";
				SWIFT_EMIT_LOC_STRINGS = YES;
				SWIFT_VERSION = 5.0;
				TARGETED_DEVICE_FAMILY = "1,2";
			};
			name = Debug;
		};
		F83A86702958733E00E6F830 /* Release */ = {
			isa = XCBuildConfiguration;
			buildSettings = {
				ASSETCATALOG_COMPILER_APPICON_NAME = AppIcon;
				ASSETCATALOG_COMPILER_GLOBAL_ACCENT_COLOR_NAME = AccentColor;
				CODE_SIGN_STYLE = Automatic;
				CURRENT_PROJECT_VERSION = 1;
				DEVELOPMENT_TEAM = VLTRC7L6R5;
				GENERATE_INFOPLIST_FILE = YES;
				INFOPLIST_FILE = myGifView/Info.plist;
				INFOPLIST_KEY_UIApplicationSupportsIndirectInputEvents = YES;
				INFOPLIST_KEY_UILaunchStoryboardName = LaunchScreen;
				INFOPLIST_KEY_UIMainStoryboardFile = Main;
				INFOPLIST_KEY_UISupportedInterfaceOrientations_iPad = "UIInterfaceOrientationPortrait UIInterfaceOrientationPortraitUpsideDown UIInterfaceOrientationLandscapeLeft UIInterfaceOrientationLandscapeRight";
				INFOPLIST_KEY_UISupportedInterfaceOrientations_iPhone = "UIInterfaceOrientationPortrait UIInterfaceOrientationLandscapeLeft UIInterfaceOrientationLandscapeRight";
				LD_RUNPATH_SEARCH_PATHS = (
					"$(inherited)",
					"@executable_path/Frameworks",
				);
				MARKETING_VERSION = 1.0;
				PRODUCT_BUNDLE_IDENTIFIER = yun.myGifView;
				PRODUCT_NAME = "$(TARGET_NAME)";
				SWIFT_EMIT_LOC_STRINGS = YES;
				SWIFT_VERSION = 5.0;
				TARGETED_DEVICE_FAMILY = "1,2";
			};
			name = Release;
		};
/* End XCBuildConfiguration section */

/* Begin XCConfigurationList section */
		F83A86522958733D00E6F830 /* Build configuration list for PBXProject "myGifView" */ = {
			isa = XCConfigurationList;
			buildConfigurations = (
				F83A866C2958733E00E6F830 /* Debug */,
				F83A866D2958733E00E6F830 /* Release */,
			);
			defaultConfigurationIsVisible = 0;
			defaultConfigurationName = Release;
		};
		F83A866E2958733E00E6F830 /* Build configuration list for PBXNativeTarget "myGifView" */ = {
			isa = XCConfigurationList;
			buildConfigurations = (
				F83A866F2958733E00E6F830 /* Debug */,
				F83A86702958733E00E6F830 /* Release */,
			);
			defaultConfigurationIsVisible = 0;
			defaultConfigurationName = Release;
		};
/* End XCConfigurationList section */

/* Begin XCVersionGroup section */
		F83A86632958733D00E6F830 /* myGifView.xcdatamodeld */ = {
			isa = XCVersionGroup;
			children = (
				F83A86642958733D00E6F830 /* myGifView.xcdatamodel */,
			);
			currentVersion = F83A86642958733D00E6F830 /* myGifView.xcdatamodel */;
			path = myGifView.xcdatamodeld;
			sourceTree = "<group>";
			versionGroupType = wrapper.xcdatamodel;
		};
/* End XCVersionGroup section */
	};
	rootObject = F83A864F2958733D00E6F830 /* Project object */;
}
